// !$*UTF8*$!
{
	archiveVersion = 1;
	classes = {
	};
	objectVersion = 56;
	objects = {

/* Begin PBXBuildFile section */
		2E536E052C7A9415000064D7 /* RealityKitContent in Frameworks */ = {isa = PBXBuildFile; productRef = 2E536E042C7A9415000064D7 /* RealityKitContent */; };
		2E536E072C7A9415000064D7 /* Opening_CrawlApp.swift in Sources */ = {isa = PBXBuildFile; fileRef = 2E536E062C7A9415000064D7 /* Opening_CrawlApp.swift */; };
		2E536E092C7A9415000064D7 /* ContentView.swift in Sources */ = {isa = PBXBuildFile; fileRef = 2E536E082C7A9415000064D7 /* ContentView.swift */; };
		2E536E0B2C7A9415000064D7 /* ImmersiveView.swift in Sources */ = {isa = PBXBuildFile; fileRef = 2E536E0A2C7A9415000064D7 /* ImmersiveView.swift */; };
		2E536E0D2C7A9416000064D7 /* Assets.xcassets in Resources */ = {isa = PBXBuildFile; fileRef = 2E536E0C2C7A9416000064D7 /* Assets.xcassets */; };
		2E536E102C7A9416000064D7 /* Preview Assets.xcassets in Resources */ = {isa = PBXBuildFile; fileRef = 2E536E0F2C7A9416000064D7 /* Preview Assets.xcassets */; };
		2E536E182C7AA0D2000064D7 /* ViewModel.swift in Sources */ = {isa = PBXBuildFile; fileRef = 2E536E172C7AA0D2000064D7 /* ViewModel.swift */; };
/* End PBXBuildFile section */

/* Begin PBXFileReference section */
		2E536DFF2C7A9415000064D7 /* Opening Crawl.app */ = {isa = PBXFileReference; explicitFileType = wrapper.application; includeInIndex = 0; path = "Opening Crawl.app"; sourceTree = BUILT_PRODUCTS_DIR; };
		2E536E032C7A9415000064D7 /* RealityKitContent */ = {isa = PBXFileReference; lastKnownFileType = wrapper; path = RealityKitContent; sourceTree = "<group>"; };
		2E536E062C7A9415000064D7 /* Opening_CrawlApp.swift */ = {isa = PBXFileReference; lastKnownFileType = sourcecode.swift; path = Opening_CrawlApp.swift; sourceTree = "<group>"; };
		2E536E082C7A9415000064D7 /* ContentView.swift */ = {isa = PBXFileReference; lastKnownFileType = sourcecode.swift; path = ContentView.swift; sourceTree = "<group>"; };
		2E536E0A2C7A9415000064D7 /* ImmersiveView.swift */ = {isa = PBXFileReference; lastKnownFileType = sourcecode.swift; path = ImmersiveView.swift; sourceTree = "<group>"; };
		2E536E0C2C7A9416000064D7 /* Assets.xcassets */ = {isa = PBXFileReference; lastKnownFileType = folder.assetcatalog; path = Assets.xcassets; sourceTree = "<group>"; };
		2E536E0F2C7A9416000064D7 /* Preview Assets.xcassets */ = {isa = PBXFileReference; lastKnownFileType = folder.assetcatalog; path = "Preview Assets.xcassets"; sourceTree = "<group>"; };
		2E536E112C7A9416000064D7 /* Info.plist */ = {isa = PBXFileReference; lastKnownFileType = text.plist.xml; path = Info.plist; sourceTree = "<group>"; };
		2E536E172C7AA0D2000064D7 /* ViewModel.swift */ = {isa = PBXFileReference; lastKnownFileType = sourcecode.swift; path = ViewModel.swift; sourceTree = "<group>"; };
/* End PBXFileReference section */

/* Begin PBXFrameworksBuildPhase section */
		2E536DFC2C7A9415000064D7 /* Frameworks */ = {
			isa = PBXFrameworksBuildPhase;
			buildActionMask = 2147483647;
			files = (
				2E536E052C7A9415000064D7 /* RealityKitContent in Frameworks */,
			);
			runOnlyForDeploymentPostprocessing = 0;
		};
/* End PBXFrameworksBuildPhase section */

/* Begin PBXGroup section */
		2E536DF62C7A9415000064D7 = {
			isa = PBXGroup;
			children = (
				2E536E012C7A9415000064D7 /* Opening Crawl */,
				2E536E022C7A9415000064D7 /* Packages */,
				2E536E002C7A9415000064D7 /* Products */,
			);
			sourceTree = "<group>";
		};
		2E536E002C7A9415000064D7 /* Products */ = {
			isa = PBXGroup;
			children = (
				2E536DFF2C7A9415000064D7 /* Opening Crawl.app */,
			);
			name = Products;
			sourceTree = "<group>";
		};
		2E536E012C7A9415000064D7 /* Opening Crawl */ = {
			isa = PBXGroup;
			children = (
				2E536E062C7A9415000064D7 /* Opening_CrawlApp.swift */,
				2E536E082C7A9415000064D7 /* ContentView.swift */,
				2E536E0A2C7A9415000064D7 /* ImmersiveView.swift */,
				2E536E172C7AA0D2000064D7 /* ViewModel.swift */,
				2E536E0C2C7A9416000064D7 /* Assets.xcassets */,
				2E536E112C7A9416000064D7 /* Info.plist */,
				2E536E0E2C7A9416000064D7 /* Preview Content */,
			);
			path = "Opening Crawl";
			sourceTree = "<group>";
		};
		2E536E022C7A9415000064D7 /* Packages */ = {
			isa = PBXGroup;
			children = (
				2E536E032C7A9415000064D7 /* RealityKitContent */,
			);
			path = Packages;
			sourceTree = "<group>";
		};
		2E536E0E2C7A9416000064D7 /* Preview Content */ = {
			isa = PBXGroup;
			children = (
				2E536E0F2C7A9416000064D7 /* Preview Assets.xcassets */,
			);
			path = "Preview Content";
			sourceTree = "<group>";
		};
/* End PBXGroup section */

/* Begin PBXNativeTarget section */
		2E536DFE2C7A9415000064D7 /* Opening Crawl */ = {
			isa = PBXNativeTarget;
			buildConfigurationList = 2E536E142C7A9416000064D7 /* Build configuration list for PBXNativeTarget "Opening Crawl" */;
			buildPhases = (
				2E536DFB2C7A9415000064D7 /* Sources */,
				2E536DFC2C7A9415000064D7 /* Frameworks */,
				2E536DFD2C7A9415000064D7 /* Resources */,
			);
			buildRules = (
			);
			dependencies = (
			);
			name = "Opening Crawl";
			packageProductDependencies = (
				2E536E042C7A9415000064D7 /* RealityKitContent */,
			);
			productName = "Opening Crawl";
			productReference = 2E536DFF2C7A9415000064D7 /* Opening Crawl.app */;
			productType = "com.apple.product-type.application";
		};
/* End PBXNativeTarget section */

/* Begin PBXProject section */
		2E536DF72C7A9415000064D7 /* Project object */ = {
			isa = PBXProject;
			attributes = {
				BuildIndependentTargetsInParallel = 1;
				LastSwiftUpdateCheck = 1540;
				LastUpgradeCheck = 1540;
				TargetAttributes = {
					2E536DFE2C7A9415000064D7 = {
						CreatedOnToolsVersion = 15.4;
					};
				};
			};
			buildConfigurationList = 2E536DFA2C7A9415000064D7 /* Build configuration list for PBXProject "Opening Crawl" */;
			compatibilityVersion = "Xcode 14.0";
			developmentRegion = en;
			hasScannedForEncodings = 0;
			knownRegions = (
				en,
				Base,
			);
			mainGroup = 2E536DF62C7A9415000064D7;
			productRefGroup = 2E536E002C7A9415000064D7 /* Products */;
			projectDirPath = "";
			projectRoot = "";
			targets = (
				2E536DFE2C7A9415000064D7 /* Opening Crawl */,
			);
		};
/* End PBXProject section */

/* Begin PBXResourcesBuildPhase section */
		2E536DFD2C7A9415000064D7 /* Resources */ = {
			isa = PBXResourcesBuildPhase;
			buildActionMask = 2147483647;
			files = (
				2E536E102C7A9416000064D7 /* Preview Assets.xcassets in Resources */,
				2E536E0D2C7A9416000064D7 /* Assets.xcassets in Resources */,
			);
			runOnlyForDeploymentPostprocessing = 0;
		};
/* End PBXResourcesBuildPhase section */

/* Begin PBXSourcesBuildPhase section */
		2E536DFB2C7A9415000064D7 /* Sources */ = {
			isa = PBXSourcesBuildPhase;
			buildActionMask = 2147483647;
			files = (
				2E536E092C7A9415000064D7 /* ContentView.swift in Sources */,
				2E536E072C7A9415000064D7 /* Opening_CrawlApp.swift in Sources */,
				2E536E182C7AA0D2000064D7 /* ViewModel.swift in Sources */,
				2E536E0B2C7A9415000064D7 /* ImmersiveView.swift in Sources */,
			);
			runOnlyForDeploymentPostprocessing = 0;
		};
/* End PBXSourcesBuildPhase section */

/* Begin XCBuildConfiguration section */
		2E536E122C7A9416000064D7 /* Debug */ = {
			isa = XCBuildConfiguration;
			buildSettings = {
				ALWAYS_SEARCH_USER_PATHS = NO;
				ASSETCATALOG_COMPILER_GENERATE_SWIFT_ASSET_SYMBOL_EXTENSIONS = YES;
				CLANG_ANALYZER_NONNULL = YES;
				CLANG_ANALYZER_NUMBER_OBJECT_CONVERSION = YES_AGGRESSIVE;
				CLANG_CXX_LANGUAGE_STANDARD = "gnu++20";
				CLANG_ENABLE_MODULES = YES;
				CLANG_ENABLE_OBJC_ARC = YES;
				CLANG_ENABLE_OBJC_WEAK = YES;
				CLANG_WARN_BLOCK_CAPTURE_AUTORELEASING = YES;
				CLANG_WARN_BOOL_CONVERSION = YES;
				CLANG_WARN_COMMA = YES;
				CLANG_WARN_CONSTANT_CONVERSION = YES;
				CLANG_WARN_DEPRECATED_OBJC_IMPLEMENTATIONS = YES;
				CLANG_WARN_DIRECT_OBJC_ISA_USAGE = YES_ERROR;
				CLANG_WARN_DOCUMENTATION_COMMENTS = YES;
				CLANG_WARN_EMPTY_BODY = YES;
				CLANG_WARN_ENUM_CONVERSION = YES;
				CLANG_WARN_INFINITE_RECURSION = YES;
				CLANG_WARN_INT_CONVERSION = YES;
				CLANG_WARN_NON_LITERAL_NULL_CONVERSION = YES;
				CLANG_WARN_OBJC_IMPLICIT_RETAIN_SELF = YES;
				CLANG_WARN_OBJC_LITERAL_CONVERSION = YES;
				CLANG_WARN_OBJC_ROOT_CLASS = YES_ERROR;
				CLANG_WARN_QUOTED_INCLUDE_IN_FRAMEWORK_HEADER = YES;
				CLANG_WARN_RANGE_LOOP_ANALYSIS = YES;
				CLANG_WARN_STRICT_PROTOTYPES = YES;
				CLANG_WARN_SUSPICIOUS_MOVE = YES;
				CLANG_WARN_UNGUARDED_AVAILABILITY = YES_AGGRESSIVE;
				CLANG_WARN_UNREACHABLE_CODE = YES;
				CLANG_WARN__DUPLICATE_METHOD_MATCH = YES;
				COPY_PHASE_STRIP = NO;
				DEBUG_INFORMATION_FORMAT = dwarf;
				ENABLE_STRICT_OBJC_MSGSEND = YES;
				ENABLE_TESTABILITY = YES;
				ENABLE_USER_SCRIPT_SANDBOXING = YES;
				GCC_C_LANGUAGE_STANDARD = gnu17;
				GCC_DYNAMIC_NO_PIC = NO;
				GCC_NO_COMMON_BLOCKS = YES;
				GCC_OPTIMIZATION_LEVEL = 0;
				GCC_PREPROCESSOR_DEFINITIONS = (
					"DEBUG=1",
					"$(inherited)",
				);
				GCC_WARN_64_TO_32_BIT_CONVERSION = YES;
				GCC_WARN_ABOUT_RETURN_TYPE = YES_ERROR;
				GCC_WARN_UNDECLARED_SELECTOR = YES;
				GCC_WARN_UNINITIALIZED_AUTOS = YES_AGGRESSIVE;
				GCC_WARN_UNUSED_FUNCTION = YES;
				GCC_WARN_UNUSED_VARIABLE = YES;
				LOCALIZATION_PREFERS_STRING_CATALOGS = YES;
				MTL_ENABLE_DEBUG_INFO = INCLUDE_SOURCE;
				MTL_FAST_MATH = YES;
				ONLY_ACTIVE_ARCH = YES;
				SDKROOT = xros;
				SWIFT_ACTIVE_COMPILATION_CONDITIONS = "DEBUG $(inherited)";
				SWIFT_OPTIMIZATION_LEVEL = "-Onone";
				XROS_DEPLOYMENT_TARGET = 1.2;
			};
			name = Debug;
		};
		2E536E132C7A9416000064D7 /* Release */ = {
			isa = XCBuildConfiguration;
			buildSettings = {
				ALWAYS_SEARCH_USER_PATHS = NO;
				ASSETCATALOG_COMPILER_GENERATE_SWIFT_ASSET_SYMBOL_EXTENSIONS = YES;
				CLANG_ANALYZER_NONNULL = YES;
				CLANG_ANALYZER_NUMBER_OBJECT_CONVERSION = YES_AGGRESSIVE;
				CLANG_CXX_LANGUAGE_STANDARD = "gnu++20";
				CLANG_ENABLE_MODULES = YES;
				CLANG_ENABLE_OBJC_ARC = YES;
				CLANG_ENABLE_OBJC_WEAK = YES;
				CLANG_WARN_BLOCK_CAPTURE_AUTORELEASING = YES;
				CLANG_WARN_BOOL_CONVERSION = YES;
				CLANG_WARN_COMMA = YES;
				CLANG_WARN_CONSTANT_CONVERSION = YES;
				CLANG_WARN_DEPRECATED_OBJC_IMPLEMENTATIONS = YES;
				CLANG_WARN_DIRECT_OBJC_ISA_USAGE = YES_ERROR;
				CLANG_WARN_DOCUMENTATION_COMMENTS = YES;
				CLANG_WARN_EMPTY_BODY = YES;
				CLANG_WARN_ENUM_CONVERSION = YES;
				CLANG_WARN_INFINITE_RECURSION = YES;
				CLANG_WARN_INT_CONVERSION = YES;
				CLANG_WARN_NON_LITERAL_NULL_CONVERSION = YES;
				CLANG_WARN_OBJC_IMPLICIT_RETAIN_SELF = YES;
				CLANG_WARN_OBJC_LITERAL_CONVERSION = YES;
				CLANG_WARN_OBJC_ROOT_CLASS = YES_ERROR;
				CLANG_WARN_QUOTED_INCLUDE_IN_FRAMEWORK_HEADER = YES;
				CLANG_WARN_RANGE_LOOP_ANALYSIS = YES;
				CLANG_WARN_STRICT_PROTOTYPES = YES;
				CLANG_WARN_SUSPICIOUS_MOVE = YES;
				CLANG_WARN_UNGUARDED_AVAILABILITY = YES_AGGRESSIVE;
				CLANG_WARN_UNREACHABLE_CODE = YES;
				CLANG_WARN__DUPLICATE_METHOD_MATCH = YES;
				COPY_PHASE_STRIP = NO;
				DEBUG_INFORMATION_FORMAT = "dwarf-with-dsym";
				ENABLE_NS_ASSERTIONS = NO;
				ENABLE_STRICT_OBJC_MSGSEND = YES;
				ENABLE_USER_SCRIPT_SANDBOXING = YES;
				GCC_C_LANGUAGE_STANDARD = gnu17;
				GCC_NO_COMMON_BLOCKS = YES;
				GCC_WARN_64_TO_32_BIT_CONVERSION = YES;
				GCC_WARN_ABOUT_RETURN_TYPE = YES_ERROR;
				GCC_WARN_UNDECLARED_SELECTOR = YES;
				GCC_WARN_UNINITIALIZED_AUTOS = YES_AGGRESSIVE;
				GCC_WARN_UNUSED_FUNCTION = YES;
				GCC_WARN_UNUSED_VARIABLE = YES;
				LOCALIZATION_PREFERS_STRING_CATALOGS = YES;
				MTL_ENABLE_DEBUG_INFO = NO;
				MTL_FAST_MATH = YES;
				SDKROOT = xros;
				SWIFT_COMPILATION_MODE = wholemodule;
				VALIDATE_PRODUCT = YES;
				XROS_DEPLOYMENT_TARGET = 1.2;
			};
			name = Release;
		};
		2E536E152C7A9416000064D7 /* Debug */ = {
			isa = XCBuildConfiguration;
			buildSettings = {
				ASSETCATALOG_COMPILER_APPICON_NAME = AppIcon;
				ASSETCATALOG_COMPILER_GLOBAL_ACCENT_COLOR_NAME = AccentColor;
				CODE_SIGN_STYLE = Automatic;
				CURRENT_PROJECT_VERSION = 1;
				DEVELOPMENT_ASSET_PATHS = "\"Opening Crawl/Preview Content\"";
				DEVELOPMENT_TEAM = F27NV2HH84;
				ENABLE_PREVIEWS = YES;
				GENERATE_INFOPLIST_FILE = YES;
				INFOPLIST_FILE = "$(TARGET_NAME)/Info.plist";
				LD_RUNPATH_SEARCH_PATHS = (
					"$(inherited)",
					"@executable_path/Frameworks",
				);
				MARKETING_VERSION = 1.0;
				PRODUCT_BUNDLE_IDENTIFIER = "space.nassers.Opening-Crawl";
				PRODUCT_NAME = "$(TARGET_NAME)";
				SUPPORTED_PLATFORMS = "xros xrsimulator";
				SWIFT_EMIT_LOC_STRINGS = YES;
				SWIFT_VERSION = 5.0;
				TARGETED_DEVICE_FAMILY = "1,2,7";
			};
			name = Debug;
		};
		2E536E162C7A9416000064D7 /* Release */ = {
			isa = XCBuildConfiguration;
			buildSettings = {
				ASSETCATALOG_COMPILER_APPICON_NAME = AppIcon;
				ASSETCATALOG_COMPILER_GLOBAL_ACCENT_COLOR_NAME = AccentColor;
				CODE_SIGN_STYLE = Automatic;
				CURRENT_PROJECT_VERSION = 1;
				DEVELOPMENT_ASSET_PATHS = "\"Opening Crawl/Preview Content\"";
				DEVELOPMENT_TEAM = F27NV2HH84;
				ENABLE_PREVIEWS = YES;
				GENERATE_INFOPLIST_FILE = YES;
				INFOPLIST_FILE = "$(TARGET_NAME)/Info.plist";
				LD_RUNPATH_SEARCH_PATHS = (
					"$(inherited)",
					"@executable_path/Frameworks",
				);
				MARKETING_VERSION = 1.0;
				PRODUCT_BUNDLE_IDENTIFIER = "space.nassers.Opening-Crawl";
				PRODUCT_NAME = "$(TARGET_NAME)";
				SUPPORTED_PLATFORMS = "xros xrsimulator";
				SWIFT_EMIT_LOC_STRINGS = YES;
				SWIFT_VERSION = 5.0;
				TARGETED_DEVICE_FAMILY = "1,2,7";
			};
			name = Release;
		};
/* End XCBuildConfiguration section */

/* Begin XCConfigurationList section */
		2E536DFA2C7A9415000064D7 /* Build configuration list for PBXProject "Opening Crawl" */ = {
			isa = XCConfigurationList;
			buildConfigurations = (
				2E536E122C7A9416000064D7 /* Debug */,
				2E536E132C7A9416000064D7 /* Release */,
			);
			defaultConfigurationIsVisible = 0;
			defaultConfigurationName = Release;
		};
		2E536E142C7A9416000064D7 /* Build configuration list for PBXNativeTarget "Opening Crawl" */ = {
			isa = XCConfigurationList;
			buildConfigurations = (
				2E536E152C7A9416000064D7 /* Debug */,
				2E536E162C7A9416000064D7 /* Release */,
			);
			defaultConfigurationIsVisible = 0;
			defaultConfigurationName = Release;
		};
/* End XCConfigurationList section */

/* Begin XCSwiftPackageProductDependency section */
		2E536E042C7A9415000064D7 /* RealityKitContent */ = {
			isa = XCSwiftPackageProductDependency;
			productName = RealityKitContent;
		};
/* End XCSwiftPackageProductDependency section */
	};
	rootObject = 2E536DF72C7A9415000064D7 /* Project object */;
}
